
Microsoft Visual Studio Solution File, Format Version 12.00
# Visual Studio 2012
Project("{FAE04EC0-301F-11D3-BF4B-00C04F79EFBC}") = "Collections", "Collections\Collections.csproj", "{04328BA9-2260-4332-A70A-EA4F8F8648F0}"
EndProject
Global
	GlobalSection(SolutionConfigurationPlatforms) = preSolution
		Debug|x86 = Debug|x86
		Release|x86 = Release|x86
	EndGlobalSection
	GlobalSection(ProjectConfigurationPlatforms) = postSolution
		{04328BA9-2260-4332-A70A-EA4F8F8648F0}.Debug|x86.ActiveCfg = Debug|x86
		{04328BA9-2260-4332-A70A-EA4F8F8648F0}.Debug|x86.Build.0 = Debug|x86
		{04328BA9-2260-4332-A70A-EA4F8F8648F0}.Release|x86.ActiveCfg = Release|x86
		{04328BA9-2260-4332-A70A-EA4F8F8648F0}.Release|x86.Build.0 = Release|x86
	EndGlobalSection
EndGlobal
